
Microsoft Visual Studio Solution File, Format Version 12.00
# Visual Studio Version 16
VisualStudioVersion = 16.0.30621.155
MinimumVisualStudioVersion = 10.0.40219.1
Project("{FAE04EC0-301F-11D3-BF4B-00C04F79EFBC}") = "VigeneréCipher", "VigeneréCipher\VigeneréCipher.csproj", "{EE0A4068-20BA-4D48-BD16-F0CE533140ED}"
EndProject
Global
	GlobalSection(SolutionConfigurationPlatforms) = preSolution
		Debug|Any CPU = Debug|Any CPU
		Release|Any CPU = Release|Any CPU
	EndGlobalSection
	GlobalSection(ProjectConfigurationPlatforms) = postSolution
		{EE0A4068-20BA-4D48-BD16-F0CE533140ED}.Debug|Any CPU.ActiveCfg = Debug|Any CPU
		{EE0A4068-20BA-4D48-BD16-F0CE533140ED}.Debug|Any CPU.Build.0 = Debug|Any CPU
		{EE0A4068-20BA-4D48-BD16-F0CE533140ED}.Release|Any CPU.ActiveCfg = Release|Any CPU
		{EE0A4068-20BA-4D48-BD16-F0CE533140ED}.Release|Any CPU.Build.0 = Release|Any CPU
	EndGlobalSection
	GlobalSection(SolutionProperties) = preSolution
		HideSolutionNode = FALSE
	EndGlobalSection
	GlobalSection(ExtensibilityGlobals) = postSolution
		SolutionGuid = {224BE95A-629C-488F-859A-236CF22A8F99}
	EndGlobalSection
EndGlobal
